
Microsoft Visual Studio Solution File, Format Version 12.00
# Visual Studio Version 16
VisualStudioVersion = 16.0.30621.155
MinimumVisualStudioVersion = 10.0.40219.1
Project("{FAE04EC0-301F-11D3-BF4B-00C04F79EFBC}") = "Tagdij1", "Tagdij1\Tagdij1.csproj", "{797BF0A7-0BB5-4310-BBA1-73AFF206A5F7}"
EndProject
Global
	GlobalSection(SolutionConfigurationPlatforms) = preSolution
		Debug|Any CPU = Debug|Any CPU
		Release|Any CPU = Release|Any CPU
	EndGlobalSection
	GlobalSection(ProjectConfigurationPlatforms) = postSolution
		{797BF0A7-0BB5-4310-BBA1-73AFF206A5F7}.Debug|Any CPU.ActiveCfg = Debug|Any CPU
		{797BF0A7-0BB5-4310-BBA1-73AFF206A5F7}.Debug|Any CPU.Build.0 = Debug|Any CPU
		{797BF0A7-0BB5-4310-BBA1-73AFF206A5F7}.Release|Any CPU.ActiveCfg = Release|Any CPU
		{797BF0A7-0BB5-4310-BBA1-73AFF206A5F7}.Release|Any CPU.Build.0 = Release|Any CPU
	EndGlobalSection
	GlobalSection(SolutionProperties) = preSolution
		HideSolutionNode = FALSE
	EndGlobalSection
	GlobalSection(ExtensibilityGlobals) = postSolution
		SolutionGuid = {4336DC3A-A986-4068-BE7C-5ED8317AB59D}
	EndGlobalSection
EndGlobal
